
Microsoft Visual Studio Solution File, Format Version 12.00
# Visual Studio Version 17
VisualStudioVersion = 17.1.32228.430
MinimumVisualStudioVersion = 10.0.40219.1
Project("{FAE04EC0-301F-11D3-BF4B-00C04F79EFBC}") = "mtran", "mtran.csproj", "{56B2C077-E1EB-4B8E-9AA1-230C18C4DCBB}"
EndProject
Global
	GlobalSection(SolutionConfigurationPlatforms) = preSolution
		Debug|Any CPU = Debug|Any CPU
		Release|Any CPU = Release|Any CPU
	EndGlobalSection
	GlobalSection(ProjectConfigurationPlatforms) = postSolution
		{56B2C077-E1EB-4B8E-9AA1-230C18C4DCBB}.Debug|Any CPU.ActiveCfg = Debug|Any CPU
		{56B2C077-E1EB-4B8E-9AA1-230C18C4DCBB}.Debug|Any CPU.Build.0 = Debug|Any CPU
		{56B2C077-E1EB-4B8E-9AA1-230C18C4DCBB}.Release|Any CPU.ActiveCfg = Release|Any CPU
		{56B2C077-E1EB-4B8E-9AA1-230C18C4DCBB}.Release|Any CPU.Build.0 = Release|Any CPU
	EndGlobalSection
	GlobalSection(SolutionProperties) = preSolution
		HideSolutionNode = FALSE
	EndGlobalSection
	GlobalSection(ExtensibilityGlobals) = postSolution
		SolutionGuid = {5C9C81BE-EED2-4680-BE2F-47192EA0238F}
	EndGlobalSection
EndGlobal
